{
  "requires": true,
  "lockfileVersion": 1,
  "dependencies": {
    "@types/codemirror": {
      "version": "0.0.98",
      "resolved": "https://registry.npmjs.org/@types/codemirror/-/codemirror-0.0.98.tgz",
      "integrity": "sha512-cbty5LPayy2vNSeuUdjNA9tggG+go5vAxmnLDRWpiZI5a+RDBi9dlozy4/jW/7P/gletbBWbQREEa7A81YxstA==",
      "requires": {
        "@types/tern": "*"
      }
    },
    "@types/estree": {
      "version": "0.0.46",
      "resolved": "https://registry.npmjs.org/@types/estree/-/estree-0.0.46.tgz",
      "integrity": "sha512-laIjwTQaD+5DukBZaygQ79K1Z0jb1bPEMRrkXSLjtCcZm+abyp5YbrqpSLzD42FwWW6gK/aS4NYpJ804nG2brg=="
    },
    "@types/tern": {
      "version": "0.23.3",
      "resolved": "https://registry.npmjs.org/@types/tern/-/tern-0.23.3.tgz",
      "integrity": "sha512-imDtS4TAoTcXk0g7u4kkWqedB3E4qpjXzCpD2LU5M5NAXHzCDsypyvXSaG7mM8DKYkCRa7tFp4tS/lp/Wo7Q3w==",
      "requires": {
        "@types/estree": "*"
      }
    },
    "obsidian": {
      "version": "github:obsidianmd/obsidian-api#81ab85ade4552c9116c1e10d009127e62019c923",
      "from": "github:obsidianmd/obsidian-api#master",
      "requires": {
        "@types/codemirror": "0.0.98"
      }
    }
  }
}
